
Microsoft Visual Studio Solution File, Format Version 12.00
# Visual Studio Version 16
VisualStudioVersion = 16.0.30503.244
MinimumVisualStudioVersion = 10.0.40219.1
Project("{FAE04EC0-301F-11D3-BF4B-00C04F79EFBC}") = "Challenge.Api", "Challenge.Api\Challenge.Api.csproj", "{D470A59F-EF7E-4D41-8230-A213E974A23F}"
EndProject
Project("{FAE04EC0-301F-11D3-BF4B-00C04F79EFBC}") = "Challenge.DataBase", "Challenge.DataBase\Challenge.DataBase.csproj", "{B3B814BA-8592-4C3E-829D-9CBAC4FAB3C4}"
EndProject
Project("{FAE04EC0-301F-11D3-BF4B-00C04F79EFBC}") = "Challenge.CommandsAndQueries", "Challenge.CommandsAndQueries\Challenge.CommandsAndQueries.csproj", "{1D917900-6DC5-4021-9F52-98FDBF4C4863}"
EndProject
Global
	GlobalSection(SolutionConfigurationPlatforms) = preSolution
		Debug|Any CPU = Debug|Any CPU
		Release|Any CPU = Release|Any CPU
	EndGlobalSection
	GlobalSection(ProjectConfigurationPlatforms) = postSolution
		{D470A59F-EF7E-4D41-8230-A213E974A23F}.Debug|Any CPU.ActiveCfg = Debug|Any CPU
		{D470A59F-EF7E-4D41-8230-A213E974A23F}.Debug|Any CPU.Build.0 = Debug|Any CPU
		{D470A59F-EF7E-4D41-8230-A213E974A23F}.Release|Any CPU.ActiveCfg = Release|Any CPU
		{D470A59F-EF7E-4D41-8230-A213E974A23F}.Release|Any CPU.Build.0 = Release|Any CPU
		{B3B814BA-8592-4C3E-829D-9CBAC4FAB3C4}.Debug|Any CPU.ActiveCfg = Debug|Any CPU
		{B3B814BA-8592-4C3E-829D-9CBAC4FAB3C4}.Debug|Any CPU.Build.0 = Debug|Any CPU
		{B3B814BA-8592-4C3E-829D-9CBAC4FAB3C4}.Release|Any CPU.ActiveCfg = Release|Any CPU
		{B3B814BA-8592-4C3E-829D-9CBAC4FAB3C4}.Release|Any CPU.Build.0 = Release|Any CPU
		{1D917900-6DC5-4021-9F52-98FDBF4C4863}.Debug|Any CPU.ActiveCfg = Debug|Any CPU
		{1D917900-6DC5-4021-9F52-98FDBF4C4863}.Debug|Any CPU.Build.0 = Debug|Any CPU
		{1D917900-6DC5-4021-9F52-98FDBF4C4863}.Release|Any CPU.ActiveCfg = Release|Any CPU
		{1D917900-6DC5-4021-9F52-98FDBF4C4863}.Release|Any CPU.Build.0 = Release|Any CPU
	EndGlobalSection
	GlobalSection(SolutionProperties) = preSolution
		HideSolutionNode = FALSE
	EndGlobalSection
	GlobalSection(ExtensibilityGlobals) = postSolution
		SolutionGuid = {35AD39C0-004C-4E8E-8B8F-3140DC48A283}
	EndGlobalSection
EndGlobal
